
Microsoft Visual Studio Solution File, Format Version 12.00
# Visual Studio Version 17
VisualStudioVersion = 17.14.36717.8 d17.14
MinimumVisualStudioVersion = 10.0.40219.1
Project("{FAE04EC0-301F-11D3-BF4B-00C04F79EFBC}") = "StokTakipApp1", "StokTakipApp1\StokTakipApp1.csproj", "{59CE394A-9F3E-4665-A7B2-236675BD61B2}"
EndProject
Global
	GlobalSection(SolutionConfigurationPlatforms) = preSolution
		Debug|Any CPU = Debug|Any CPU
		Release|Any CPU = Release|Any CPU
	EndGlobalSection
	GlobalSection(ProjectConfigurationPlatforms) = postSolution
		{59CE394A-9F3E-4665-A7B2-236675BD61B2}.Debug|Any CPU.ActiveCfg = Debug|Any CPU
		{59CE394A-9F3E-4665-A7B2-236675BD61B2}.Debug|Any CPU.Build.0 = Debug|Any CPU
		{59CE394A-9F3E-4665-A7B2-236675BD61B2}.Release|Any CPU.ActiveCfg = Release|Any CPU
		{59CE394A-9F3E-4665-A7B2-236675BD61B2}.Release|Any CPU.Build.0 = Release|Any CPU
	EndGlobalSection
	GlobalSection(SolutionProperties) = preSolution
		HideSolutionNode = FALSE
	EndGlobalSection
	GlobalSection(ExtensibilityGlobals) = postSolution
		SolutionGuid = {F2A069E3-9063-4A50-973D-3918D9801356}
	EndGlobalSection
EndGlobal
